
Microsoft Visual Studio Solution File, Format Version 12.00
# Visual Studio Version 17
VisualStudioVersion = 17.0.31903.59
MinimumVisualStudioVersion = 10.0.40219.1
Project("{2150E333-8FDC-42A3-9474-1A3956D46DE8}") = "src", "src", "{043A4738-79E0-40E0-9796-F11180019FD2}"
EndProject
Project("{FAE04EC0-301F-11D3-BF4B-00C04F79EFBC}") = "AuctionService", "src\AuctionService\AuctionService.csproj", "{BC8DA471-AB26-4C9B-856F-C3B8D66D7911}"
EndProject
Project("{FAE04EC0-301F-11D3-BF4B-00C04F79EFBC}") = "SearchService", "src\SearchService\SearchService.csproj", "{29C5F718-1167-48BD-A104-3C07558924BC}"
EndProject
Global
	GlobalSection(SolutionConfigurationPlatforms) = preSolution
		Debug|Any CPU = Debug|Any CPU
		Release|Any CPU = Release|Any CPU
	EndGlobalSection
	GlobalSection(SolutionProperties) = preSolution
		HideSolutionNode = FALSE
	EndGlobalSection
	GlobalSection(ProjectConfigurationPlatforms) = postSolution
		{BC8DA471-AB26-4C9B-856F-C3B8D66D7911}.Debug|Any CPU.ActiveCfg = Debug|Any CPU
		{BC8DA471-AB26-4C9B-856F-C3B8D66D7911}.Debug|Any CPU.Build.0 = Debug|Any CPU
		{BC8DA471-AB26-4C9B-856F-C3B8D66D7911}.Release|Any CPU.ActiveCfg = Release|Any CPU
		{BC8DA471-AB26-4C9B-856F-C3B8D66D7911}.Release|Any CPU.Build.0 = Release|Any CPU
		{29C5F718-1167-48BD-A104-3C07558924BC}.Debug|Any CPU.ActiveCfg = Debug|Any CPU
		{29C5F718-1167-48BD-A104-3C07558924BC}.Debug|Any CPU.Build.0 = Debug|Any CPU
		{29C5F718-1167-48BD-A104-3C07558924BC}.Release|Any CPU.ActiveCfg = Release|Any CPU
		{29C5F718-1167-48BD-A104-3C07558924BC}.Release|Any CPU.Build.0 = Release|Any CPU
	EndGlobalSection
	GlobalSection(NestedProjects) = preSolution
		{BC8DA471-AB26-4C9B-856F-C3B8D66D7911} = {043A4738-79E0-40E0-9796-F11180019FD2}
		{29C5F718-1167-48BD-A104-3C07558924BC} = {043A4738-79E0-40E0-9796-F11180019FD2}
	EndGlobalSection
EndGlobal
