
Microsoft Visual Studio Solution File, Format Version 12.00
# Visual Studio Version 17
VisualStudioVersion = 17.0.31903.59
MinimumVisualStudioVersion = 10.0.40219.1
Project("{2150E333-8FDC-42A3-9474-1A3956D46DE8}") = "src", "src", "{043A4738-79E0-40E0-9796-F11180019FD2}"
EndProject
Project("{FAE04EC0-301F-11D3-BF4B-00C04F79EFBC}") = "AuctionService", "src\AuctionService\AuctionService.csproj", "{BC8DA471-AB26-4C9B-856F-C3B8D66D7911}"
EndProject
Project("{FAE04EC0-301F-11D3-BF4B-00C04F79EFBC}") = "SearchService", "src\SearchService\SearchService.csproj", "{29C5F718-1167-48BD-A104-3C07558924BC}"
EndProject
Project("{FAE04EC0-301F-11D3-BF4B-00C04F79EFBC}") = "Contracts", "src\Contracts\Contracts.csproj", "{F27958DA-410F-4600-B715-3F846D48B6DD}"
EndProject
Project("{FAE04EC0-301F-11D3-BF4B-00C04F79EFBC}") = "IdentityService", "src\IdentityService\IdentityService.csproj", "{EAA627F6-F9CB-48D1-84DC-EFB72D6CFB99}"
EndProject
Project("{FAE04EC0-301F-11D3-BF4B-00C04F79EFBC}") = "GatewayService", "src\GatewayService\GatewayService.csproj", "{D9BE9CC4-E9C3-4A94-98A1-4EF2F1E7C622}"
EndProject
Global
	GlobalSection(SolutionConfigurationPlatforms) = preSolution
		Debug|Any CPU = Debug|Any CPU
		Release|Any CPU = Release|Any CPU
	EndGlobalSection
	GlobalSection(ProjectConfigurationPlatforms) = postSolution
		{BC8DA471-AB26-4C9B-856F-C3B8D66D7911}.Debug|Any CPU.ActiveCfg = Debug|Any CPU
		{BC8DA471-AB26-4C9B-856F-C3B8D66D7911}.Debug|Any CPU.Build.0 = Debug|Any CPU
		{BC8DA471-AB26-4C9B-856F-C3B8D66D7911}.Release|Any CPU.ActiveCfg = Release|Any CPU
		{BC8DA471-AB26-4C9B-856F-C3B8D66D7911}.Release|Any CPU.Build.0 = Release|Any CPU
		{29C5F718-1167-48BD-A104-3C07558924BC}.Debug|Any CPU.ActiveCfg = Debug|Any CPU
		{29C5F718-1167-48BD-A104-3C07558924BC}.Debug|Any CPU.Build.0 = Debug|Any CPU
		{29C5F718-1167-48BD-A104-3C07558924BC}.Release|Any CPU.ActiveCfg = Release|Any CPU
		{29C5F718-1167-48BD-A104-3C07558924BC}.Release|Any CPU.Build.0 = Release|Any CPU
		{F27958DA-410F-4600-B715-3F846D48B6DD}.Debug|Any CPU.ActiveCfg = Debug|Any CPU
		{F27958DA-410F-4600-B715-3F846D48B6DD}.Debug|Any CPU.Build.0 = Debug|Any CPU
		{F27958DA-410F-4600-B715-3F846D48B6DD}.Release|Any CPU.ActiveCfg = Release|Any CPU
		{F27958DA-410F-4600-B715-3F846D48B6DD}.Release|Any CPU.Build.0 = Release|Any CPU
		{EAA627F6-F9CB-48D1-84DC-EFB72D6CFB99}.Debug|Any CPU.ActiveCfg = Debug|Any CPU
		{EAA627F6-F9CB-48D1-84DC-EFB72D6CFB99}.Debug|Any CPU.Build.0 = Debug|Any CPU
		{EAA627F6-F9CB-48D1-84DC-EFB72D6CFB99}.Release|Any CPU.ActiveCfg = Release|Any CPU
		{EAA627F6-F9CB-48D1-84DC-EFB72D6CFB99}.Release|Any CPU.Build.0 = Release|Any CPU
		{D9BE9CC4-E9C3-4A94-98A1-4EF2F1E7C622}.Debug|Any CPU.ActiveCfg = Debug|Any CPU
		{D9BE9CC4-E9C3-4A94-98A1-4EF2F1E7C622}.Debug|Any CPU.Build.0 = Debug|Any CPU
		{D9BE9CC4-E9C3-4A94-98A1-4EF2F1E7C622}.Release|Any CPU.ActiveCfg = Release|Any CPU
		{D9BE9CC4-E9C3-4A94-98A1-4EF2F1E7C622}.Release|Any CPU.Build.0 = Release|Any CPU
	EndGlobalSection
	GlobalSection(SolutionProperties) = preSolution
		HideSolutionNode = FALSE
	EndGlobalSection
	GlobalSection(NestedProjects) = preSolution
		{BC8DA471-AB26-4C9B-856F-C3B8D66D7911} = {043A4738-79E0-40E0-9796-F11180019FD2}
		{29C5F718-1167-48BD-A104-3C07558924BC} = {043A4738-79E0-40E0-9796-F11180019FD2}
		{F27958DA-410F-4600-B715-3F846D48B6DD} = {043A4738-79E0-40E0-9796-F11180019FD2}
		{EAA627F6-F9CB-48D1-84DC-EFB72D6CFB99} = {043A4738-79E0-40E0-9796-F11180019FD2}
		{D9BE9CC4-E9C3-4A94-98A1-4EF2F1E7C622} = {043A4738-79E0-40E0-9796-F11180019FD2}
	EndGlobalSection
EndGlobal
